
Microsoft Visual Studio Solution File, Format Version 12.00
# Visual Studio Version 17
VisualStudioVersion = 17.12.35527.113
MinimumVisualStudioVersion = 10.0.40219.1
Project("{FAE04EC0-301F-11D3-BF4B-00C04F79EFBC}") = "OtusProf", "OtusProf\OtusProf.csproj", "{178E29B2-E335-4B1E-A21A-058847CEC3B5}"
EndProject
Project("{FAE04EC0-301F-11D3-BF4B-00C04F79EFBC}") = "Reflection", "Reflection\Reflection.csproj", "{BF19D8DB-A6BF-4645-B767-46993FE11FB0}"
EndProject
Project("{FAE04EC0-301F-11D3-BF4B-00C04F79EFBC}") = "Delegates", "Delegates\Delegates.csproj", "{C5D58732-3DBA-4FC2-8E6B-58108F1057D3}"
EndProject
Project("{FAE04EC0-301F-11D3-BF4B-00C04F79EFBC}") = "Parallelism", "Parallelism\Parallelism.csproj", "{CFD4A419-4111-4E9D-B6CC-6B3257BA78A7}"
EndProject
Project("{FAE04EC0-301F-11D3-BF4B-00C04F79EFBC}") = "Multi-threaded project", "Multi-threaded project\Multi-threaded project.csproj", "{6075CBE3-ED35-45A6-95FC-C8753319477F}"
EndProject
Project("{FAE04EC0-301F-11D3-BF4B-00C04F79EFBC}") = "Design_patterns", "Design_patterns\Design_patterns.csproj", "{3325C95C-CC25-471B-A2DF-35C455147328}"
EndProject
Project("{FAE04EC0-301F-11D3-BF4B-00C04F79EFBC}") = "MySerializer", "MySerializer\MySerializer.csproj", "{9011A958-C4EA-4133-A21F-DA173A44386D}"
EndProject
Global
	GlobalSection(SolutionConfigurationPlatforms) = preSolution
		Debug|Any CPU = Debug|Any CPU
		Release|Any CPU = Release|Any CPU
	EndGlobalSection
	GlobalSection(ProjectConfigurationPlatforms) = postSolution
		{178E29B2-E335-4B1E-A21A-058847CEC3B5}.Debug|Any CPU.ActiveCfg = Debug|Any CPU
		{178E29B2-E335-4B1E-A21A-058847CEC3B5}.Debug|Any CPU.Build.0 = Debug|Any CPU
		{178E29B2-E335-4B1E-A21A-058847CEC3B5}.Release|Any CPU.ActiveCfg = Release|Any CPU
		{178E29B2-E335-4B1E-A21A-058847CEC3B5}.Release|Any CPU.Build.0 = Release|Any CPU
		{BF19D8DB-A6BF-4645-B767-46993FE11FB0}.Debug|Any CPU.ActiveCfg = Debug|Any CPU
		{BF19D8DB-A6BF-4645-B767-46993FE11FB0}.Debug|Any CPU.Build.0 = Debug|Any CPU
		{BF19D8DB-A6BF-4645-B767-46993FE11FB0}.Release|Any CPU.ActiveCfg = Release|Any CPU
		{BF19D8DB-A6BF-4645-B767-46993FE11FB0}.Release|Any CPU.Build.0 = Release|Any CPU
		{C5D58732-3DBA-4FC2-8E6B-58108F1057D3}.Debug|Any CPU.ActiveCfg = Debug|Any CPU
		{C5D58732-3DBA-4FC2-8E6B-58108F1057D3}.Debug|Any CPU.Build.0 = Debug|Any CPU
		{C5D58732-3DBA-4FC2-8E6B-58108F1057D3}.Release|Any CPU.ActiveCfg = Release|Any CPU
		{C5D58732-3DBA-4FC2-8E6B-58108F1057D3}.Release|Any CPU.Build.0 = Release|Any CPU
		{CFD4A419-4111-4E9D-B6CC-6B3257BA78A7}.Debug|Any CPU.ActiveCfg = Debug|Any CPU
		{CFD4A419-4111-4E9D-B6CC-6B3257BA78A7}.Debug|Any CPU.Build.0 = Debug|Any CPU
		{CFD4A419-4111-4E9D-B6CC-6B3257BA78A7}.Release|Any CPU.ActiveCfg = Release|Any CPU
		{CFD4A419-4111-4E9D-B6CC-6B3257BA78A7}.Release|Any CPU.Build.0 = Release|Any CPU
		{6075CBE3-ED35-45A6-95FC-C8753319477F}.Debug|Any CPU.ActiveCfg = Debug|Any CPU
		{6075CBE3-ED35-45A6-95FC-C8753319477F}.Debug|Any CPU.Build.0 = Debug|Any CPU
		{6075CBE3-ED35-45A6-95FC-C8753319477F}.Release|Any CPU.ActiveCfg = Release|Any CPU
		{6075CBE3-ED35-45A6-95FC-C8753319477F}.Release|Any CPU.Build.0 = Release|Any CPU
		{3325C95C-CC25-471B-A2DF-35C455147328}.Debug|Any CPU.ActiveCfg = Debug|Any CPU
		{3325C95C-CC25-471B-A2DF-35C455147328}.Debug|Any CPU.Build.0 = Debug|Any CPU
		{3325C95C-CC25-471B-A2DF-35C455147328}.Release|Any CPU.ActiveCfg = Release|Any CPU
		{3325C95C-CC25-471B-A2DF-35C455147328}.Release|Any CPU.Build.0 = Release|Any CPU
		{9011A958-C4EA-4133-A21F-DA173A44386D}.Debug|Any CPU.ActiveCfg = Debug|Any CPU
		{9011A958-C4EA-4133-A21F-DA173A44386D}.Debug|Any CPU.Build.0 = Debug|Any CPU
		{9011A958-C4EA-4133-A21F-DA173A44386D}.Release|Any CPU.ActiveCfg = Release|Any CPU
		{9011A958-C4EA-4133-A21F-DA173A44386D}.Release|Any CPU.Build.0 = Release|Any CPU
	EndGlobalSection
	GlobalSection(SolutionProperties) = preSolution
		HideSolutionNode = FALSE
	EndGlobalSection
	GlobalSection(ExtensibilityGlobals) = postSolution
		SolutionGuid = {D18C1C2D-E25E-4F48-888C-BB93E9EBE445}
	EndGlobalSection
EndGlobal
