
Microsoft Visual Studio Solution File, Format Version 12.00
# Visual Studio Version 17
VisualStudioVersion = 17.12.35527.113 d17.12
MinimumVisualStudioVersion = 10.0.40219.1
Project("{FAE04EC0-301F-11D3-BF4B-00C04F79EFBC}") = "OtusProf", "OtusProf\OtusProf.csproj", "{178E29B2-E335-4B1E-A21A-058847CEC3B5}"
EndProject
Project("{FAE04EC0-301F-11D3-BF4B-00C04F79EFBC}") = "Reflection", "Reflection\Reflection.csproj", "{BF19D8DB-A6BF-4645-B767-46993FE11FB0}"
EndProject
Project("{FAE04EC0-301F-11D3-BF4B-00C04F79EFBC}") = "Delegates", "Delegates\Delegates.csproj", "{C5D58732-3DBA-4FC2-8E6B-58108F1057D3}"
EndProject
Global
	GlobalSection(SolutionConfigurationPlatforms) = preSolution
		Debug|Any CPU = Debug|Any CPU
		Release|Any CPU = Release|Any CPU
	EndGlobalSection
	GlobalSection(ProjectConfigurationPlatforms) = postSolution
		{178E29B2-E335-4B1E-A21A-058847CEC3B5}.Debug|Any CPU.ActiveCfg = Debug|Any CPU
		{178E29B2-E335-4B1E-A21A-058847CEC3B5}.Debug|Any CPU.Build.0 = Debug|Any CPU
		{178E29B2-E335-4B1E-A21A-058847CEC3B5}.Release|Any CPU.ActiveCfg = Release|Any CPU
		{178E29B2-E335-4B1E-A21A-058847CEC3B5}.Release|Any CPU.Build.0 = Release|Any CPU
		{BF19D8DB-A6BF-4645-B767-46993FE11FB0}.Debug|Any CPU.ActiveCfg = Debug|Any CPU
		{BF19D8DB-A6BF-4645-B767-46993FE11FB0}.Debug|Any CPU.Build.0 = Debug|Any CPU
		{BF19D8DB-A6BF-4645-B767-46993FE11FB0}.Release|Any CPU.ActiveCfg = Release|Any CPU
		{BF19D8DB-A6BF-4645-B767-46993FE11FB0}.Release|Any CPU.Build.0 = Release|Any CPU
		{C5D58732-3DBA-4FC2-8E6B-58108F1057D3}.Debug|Any CPU.ActiveCfg = Debug|Any CPU
		{C5D58732-3DBA-4FC2-8E6B-58108F1057D3}.Debug|Any CPU.Build.0 = Debug|Any CPU
		{C5D58732-3DBA-4FC2-8E6B-58108F1057D3}.Release|Any CPU.ActiveCfg = Release|Any CPU
		{C5D58732-3DBA-4FC2-8E6B-58108F1057D3}.Release|Any CPU.Build.0 = Release|Any CPU
	EndGlobalSection
	GlobalSection(SolutionProperties) = preSolution
		HideSolutionNode = FALSE
	EndGlobalSection
	GlobalSection(ExtensibilityGlobals) = postSolution
		SolutionGuid = {D18C1C2D-E25E-4F48-888C-BB93E9EBE445}
	EndGlobalSection
EndGlobal
